<?xml version="1.0" encoding="UTF-8"?>
<Scheme
   version = "1.3">
   <BuildAction>
      <BuildActionEntries>
         <BuildActionEntry
            buildForRunning = "YES">
            <BuildableReference
               BuildableIdentifier = "primary"
               BlueprintIdentifier = "179FD1AF26D98A05009F2985"
               BuildableName = "Bitfinex Demo.app"
               BlueprintName = "Bitfinex Demo"
               ReferencedContainer = "container:Bitfinex Demo.xcodeproj">
            </BuildableReference>
         </BuildActionEntry>
      </BuildActionEntries>
   </BuildAction>
   <LaunchAction
      useCustomWorkingDirectory = "NO"
      buildConfiguration = "Debug"
      allowLocationSimulation = "YES">
      <BuildableProductRunnable>
         <BuildableReference
            BuildableIdentifier = "primary"
            BlueprintIdentifier = "179FD1AF26D98A05009F2985"
            BuildableName = "Bitfinex Demo.app"
            BlueprintName = "Bitfinex Demo"
            ReferencedContainer = "container:Bitfinex Demo.xcodeproj">
         </BuildableReference>
      </BuildableProductRunnable>
   </LaunchAction>
</Scheme>
