// !$*UTF8*$!
{
	archiveVersion = 1;
	classes = {
	};
	objectVersion = 52;
	objects = {

/* Begin PBXBuildFile section */
		179FD1B426D98A05009F2985 /* BitfinexDemoApp.swift in Sources */ = {isa = PBXBuildFile; fileRef = 179FD1B326D98A05009F2985 /* BitfinexDemoApp.swift */; };
		179FD1B626D98A05009F2985 /* RootView.swift in Sources */ = {isa = PBXBuildFile; fileRef = 179FD1B526D98A05009F2985 /* RootView.swift */; };
		179FD1B826D98A07009F2985 /* Assets.xcassets in Resources */ = {isa = PBXBuildFile; fileRef = 179FD1B726D98A07009F2985 /* Assets.xcassets */; };
		179FD1BB26D98A07009F2985 /* Preview Assets.xcassets in Resources */ = {isa = PBXBuildFile; fileRef = 179FD1BA26D98A07009F2985 /* Preview Assets.xcassets */; };
		179FD1C826D98B19009F2985 /* NWParameters+InitWithPasscode.swift in Sources */ = {isa = PBXBuildFile; fileRef = 179FD1C326D98B19009F2985 /* NWParameters+InitWithPasscode.swift */; };
		179FD1C926D98B19009F2985 /* PeerBrowser.swift in Sources */ = {isa = PBXBuildFile; fileRef = 179FD1C426D98B19009F2985 /* PeerBrowser.swift */; };
		179FD1CA26D98B19009F2985 /* PeerListener.swift in Sources */ = {isa = PBXBuildFile; fileRef = 179FD1C526D98B19009F2985 /* PeerListener.swift */; };
		179FD1CB26D98B19009F2985 /* PeerConnection.swift in Sources */ = {isa = PBXBuildFile; fileRef = 179FD1C626D98B19009F2985 /* PeerConnection.swift */; };
		179FD1CC26D98B19009F2985 /* ExchangeProtocol.swift in Sources */ = {isa = PBXBuildFile; fileRef = 179FD1C726D98B19009F2985 /* ExchangeProtocol.swift */; };
		179FD1D826D9A9F7009F2985 /* Preferences.swift in Sources */ = {isa = PBXBuildFile; fileRef = 179FD1D726D9A9F7009F2985 /* Preferences.swift */; };
		179FD1DA26D9AF85009F2985 /* ExchangeManager.swift in Sources */ = {isa = PBXBuildFile; fileRef = 179FD1D926D9AF85009F2985 /* ExchangeManager.swift */; };
		179FD1DF26DC0D69009F2985 /* ProfileSetupView.swift in Sources */ = {isa = PBXBuildFile; fileRef = 179FD1DE26DC0D69009F2985 /* ProfileSetupView.swift */; };
		179FD1E126DC14A5009F2985 /* String+Ext.swift in Sources */ = {isa = PBXBuildFile; fileRef = 179FD1E026DC14A5009F2985 /* String+Ext.swift */; };
		179FD1E326DC186B009F2985 /* DashboardView.swift in Sources */ = {isa = PBXBuildFile; fileRef = 179FD1E226DC186B009F2985 /* DashboardView.swift */; };
		179FD1E926DC2628009F2985 /* Listing.swift in Sources */ = {isa = PBXBuildFile; fileRef = 179FD1E826DC2628009F2985 /* Listing.swift */; };
		179FD1ED26DC5D75009F2985 /* NegotiationView.swift in Sources */ = {isa = PBXBuildFile; fileRef = 179FD1EC26DC5D75009F2985 /* NegotiationView.swift */; };
		179FD1EF26DC7F97009F2985 /* Exchange.swift in Sources */ = {isa = PBXBuildFile; fileRef = 179FD1EE26DC7F97009F2985 /* Exchange.swift */; };
		B5BCE0BC13433AD21F79127D /* LICENSE in Resources */ = {isa = PBXBuildFile; fileRef = B5BCEA6ECE7A615FF8C5C9EF /* LICENSE */; };
/* End PBXBuildFile section */

/* Begin PBXFileReference section */
		179FD1B026D98A05009F2985 /* Bitfinex Demo.app */ = {isa = PBXFileReference; explicitFileType = wrapper.application; includeInIndex = 0; path = "Bitfinex Demo.app"; sourceTree = BUILT_PRODUCTS_DIR; };
		179FD1B326D98A05009F2985 /* BitfinexDemoApp.swift */ = {isa = PBXFileReference; lastKnownFileType = sourcecode.swift; path = BitfinexDemoApp.swift; sourceTree = "<group>"; };
		179FD1B526D98A05009F2985 /* RootView.swift */ = {isa = PBXFileReference; lastKnownFileType = sourcecode.swift; path = RootView.swift; sourceTree = "<group>"; };
		179FD1B726D98A07009F2985 /* Assets.xcassets */ = {isa = PBXFileReference; lastKnownFileType = folder.assetcatalog; path = Assets.xcassets; sourceTree = "<group>"; };
		179FD1BA26D98A07009F2985 /* Preview Assets.xcassets */ = {isa = PBXFileReference; lastKnownFileType = folder.assetcatalog; path = "Preview Assets.xcassets"; sourceTree = "<group>"; };
		179FD1BC26D98A07009F2985 /* Info.plist */ = {isa = PBXFileReference; lastKnownFileType = text.plist.xml; path = Info.plist; sourceTree = "<group>"; };
		179FD1C326D98B19009F2985 /* NWParameters+InitWithPasscode.swift */ = {isa = PBXFileReference; fileEncoding = 4; lastKnownFileType = sourcecode.swift; path = "NWParameters+InitWithPasscode.swift"; sourceTree = "<group>"; };
		179FD1C426D98B19009F2985 /* PeerBrowser.swift */ = {isa = PBXFileReference; fileEncoding = 4; lastKnownFileType = sourcecode.swift; path = PeerBrowser.swift; sourceTree = "<group>"; };
		179FD1C526D98B19009F2985 /* PeerListener.swift */ = {isa = PBXFileReference; fileEncoding = 4; lastKnownFileType = sourcecode.swift; path = PeerListener.swift; sourceTree = "<group>"; };
		179FD1C626D98B19009F2985 /* PeerConnection.swift */ = {isa = PBXFileReference; fileEncoding = 4; lastKnownFileType = sourcecode.swift; path = PeerConnection.swift; sourceTree = "<group>"; };
		179FD1C726D98B19009F2985 /* ExchangeProtocol.swift */ = {isa = PBXFileReference; fileEncoding = 4; lastKnownFileType = sourcecode.swift; path = ExchangeProtocol.swift; sourceTree = "<group>"; };
		179FD1D726D9A9F7009F2985 /* Preferences.swift */ = {isa = PBXFileReference; lastKnownFileType = sourcecode.swift; path = Preferences.swift; sourceTree = "<group>"; };
		179FD1D926D9AF85009F2985 /* ExchangeManager.swift */ = {isa = PBXFileReference; lastKnownFileType = sourcecode.swift; path = ExchangeManager.swift; sourceTree = "<group>"; };
		179FD1DE26DC0D69009F2985 /* ProfileSetupView.swift */ = {isa = PBXFileReference; lastKnownFileType = sourcecode.swift; path = ProfileSetupView.swift; sourceTree = "<group>"; };
		179FD1E026DC14A5009F2985 /* String+Ext.swift */ = {isa = PBXFileReference; lastKnownFileType = sourcecode.swift; path = "String+Ext.swift"; sourceTree = "<group>"; };
		179FD1E226DC186B009F2985 /* DashboardView.swift */ = {isa = PBXFileReference; lastKnownFileType = sourcecode.swift; path = DashboardView.swift; sourceTree = "<group>"; };
		179FD1E826DC2628009F2985 /* Listing.swift */ = {isa = PBXFileReference; lastKnownFileType = sourcecode.swift; path = Listing.swift; sourceTree = "<group>"; };
		179FD1EC26DC5D75009F2985 /* NegotiationView.swift */ = {isa = PBXFileReference; lastKnownFileType = sourcecode.swift; path = NegotiationView.swift; sourceTree = "<group>"; };
		179FD1EE26DC7F97009F2985 /* Exchange.swift */ = {isa = PBXFileReference; lastKnownFileType = sourcecode.swift; path = Exchange.swift; sourceTree = "<group>"; };
		B5BCEA6ECE7A615FF8C5C9EF /* LICENSE */ = {isa = PBXFileReference; fileEncoding = 4; lastKnownFileType = text; path = LICENSE; sourceTree = "<group>"; };
/* End PBXFileReference section */

/* Begin PBXFrameworksBuildPhase section */
		179FD1AD26D98A05009F2985 /* Frameworks */ = {
			isa = PBXFrameworksBuildPhase;
			buildActionMask = 2147483647;
			files = (
			);
			runOnlyForDeploymentPostprocessing = 0;
		};
/* End PBXFrameworksBuildPhase section */

/* Begin PBXGroup section */
		179FD1A726D98A05009F2985 = {
			isa = PBXGroup;
			children = (
				179FD1B226D98A05009F2985 /* Bitfinex Demo */,
				179FD1B126D98A05009F2985 /* Products */,
				B5BCEA6ECE7A615FF8C5C9EF /* LICENSE */,
			);
			sourceTree = "<group>";
		};
		179FD1B126D98A05009F2985 /* Products */ = {
			isa = PBXGroup;
			children = (
				179FD1B026D98A05009F2985 /* Bitfinex Demo.app */,
			);
			name = Products;
			sourceTree = "<group>";
		};
		179FD1B226D98A05009F2985 /* Bitfinex Demo */ = {
			isa = PBXGroup;
			children = (
				179FD1E726DC25D2009F2985 /* Models */,
				179FD1D626D9A9DB009F2985 /* Utils */,
				179FD1D526D9A092009F2985 /* Views */,
				179FD1C226D98AEF009F2985 /* Networking */,
				179FD1B326D98A05009F2985 /* BitfinexDemoApp.swift */,
				179FD1B726D98A07009F2985 /* Assets.xcassets */,
				179FD1BC26D98A07009F2985 /* Info.plist */,
				179FD1B926D98A07009F2985 /* Preview Content */,
			);
			path = "Bitfinex Demo";
			sourceTree = "<group>";
		};
		179FD1B926D98A07009F2985 /* Preview Content */ = {
			isa = PBXGroup;
			children = (
				179FD1BA26D98A07009F2985 /* Preview Assets.xcassets */,
			);
			path = "Preview Content";
			sourceTree = "<group>";
		};
		179FD1C226D98AEF009F2985 /* Networking */ = {
			isa = PBXGroup;
			children = (
				179FD1C726D98B19009F2985 /* ExchangeProtocol.swift */,
				179FD1C326D98B19009F2985 /* NWParameters+InitWithPasscode.swift */,
				179FD1C426D98B19009F2985 /* PeerBrowser.swift */,
				179FD1C626D98B19009F2985 /* PeerConnection.swift */,
				179FD1C526D98B19009F2985 /* PeerListener.swift */,
			);
			path = Networking;
			sourceTree = "<group>";
		};
		179FD1D526D9A092009F2985 /* Views */ = {
			isa = PBXGroup;
			children = (
				179FD1B526D98A05009F2985 /* RootView.swift */,
				179FD1DE26DC0D69009F2985 /* ProfileSetupView.swift */,
				179FD1E226DC186B009F2985 /* DashboardView.swift */,
				179FD1EC26DC5D75009F2985 /* NegotiationView.swift */,
			);
			path = Views;
			sourceTree = "<group>";
		};
		179FD1D626D9A9DB009F2985 /* Utils */ = {
			isa = PBXGroup;
			children = (
				179FD1D726D9A9F7009F2985 /* Preferences.swift */,
				179FD1D926D9AF85009F2985 /* ExchangeManager.swift */,
				179FD1E026DC14A5009F2985 /* String+Ext.swift */,
			);
			path = Utils;
			sourceTree = "<group>";
		};
		179FD1E726DC25D2009F2985 /* Models */ = {
			isa = PBXGroup;
			children = (
				179FD1E826DC2628009F2985 /* Listing.swift */,
				179FD1EE26DC7F97009F2985 /* Exchange.swift */,
			);
			path = Models;
			sourceTree = "<group>";
		};
/* End PBXGroup section */

/* Begin PBXNativeTarget section */
		179FD1AF26D98A05009F2985 /* Bitfinex Demo */ = {
			isa = PBXNativeTarget;
			buildConfigurationList = 179FD1BF26D98A07009F2985 /* Build configuration list for PBXNativeTarget "Bitfinex Demo" */;
			buildPhases = (
				179FD1AC26D98A05009F2985 /* Sources */,
				179FD1AD26D98A05009F2985 /* Frameworks */,
				179FD1AE26D98A05009F2985 /* Resources */,
			);
			buildRules = (
			);
			dependencies = (
			);
			name = "Bitfinex Demo";
			packageProductDependencies = (
				179FD1E526DC25C0009F2985,
			);
			productName = "Bitfinex Demo";
			productReference = 179FD1B026D98A05009F2985 /* Bitfinex Demo.app */;
			productType = "com.apple.product-type.application";
		};
/* End PBXNativeTarget section */

/* Begin PBXProject section */
		179FD1A826D98A05009F2985 /* Project object */ = {
			isa = PBXProject;
			attributes = {
				LastSwiftUpdateCheck = 1250;
				LastUpgradeCheck = 1250;
				TargetAttributes = {
					179FD1AF26D98A05009F2985 = {
						CreatedOnToolsVersion = 12.5.1;
					};
				};
			};
			buildConfigurationList = 179FD1AB26D98A05009F2985 /* Build configuration list for PBXProject "Bitfinex Demo" */;
			compatibilityVersion = "Xcode 9.3";
			developmentRegion = en;
			hasScannedForEncodings = 0;
			knownRegions = (
				en,
				Base,
			);
			mainGroup = 179FD1A726D98A05009F2985;
			packageReferences = (
				179FD1E426DC25C0009F2985,
			);
			productRefGroup = 179FD1B126D98A05009F2985 /* Products */;
			projectDirPath = "";
			projectRoot = "";
			targets = (
				179FD1AF26D98A05009F2985 /* Bitfinex Demo */,
			);
		};
/* End PBXProject section */

/* Begin PBXResourcesBuildPhase section */
		179FD1AE26D98A05009F2985 /* Resources */ = {
			isa = PBXResourcesBuildPhase;
			buildActionMask = 2147483647;
			files = (
				179FD1BB26D98A07009F2985 /* Preview Assets.xcassets in Resources */,
				179FD1B826D98A07009F2985 /* Assets.xcassets in Resources */,
				B5BCE0BC13433AD21F79127D /* LICENSE in Resources */,
			);
			runOnlyForDeploymentPostprocessing = 0;
		};
/* End PBXResourcesBuildPhase section */

/* Begin PBXSourcesBuildPhase section */
		179FD1AC26D98A05009F2985 /* Sources */ = {
			isa = PBXSourcesBuildPhase;
			buildActionMask = 2147483647;
			files = (
				179FD1C926D98B19009F2985 /* PeerBrowser.swift in Sources */,
				179FD1E326DC186B009F2985 /* DashboardView.swift in Sources */,
				179FD1B626D98A05009F2985 /* RootView.swift in Sources */,
				179FD1C826D98B19009F2985 /* NWParameters+InitWithPasscode.swift in Sources */,
				179FD1CB26D98B19009F2985 /* PeerConnection.swift in Sources */,
				179FD1DF26DC0D69009F2985 /* ProfileSetupView.swift in Sources */,
				179FD1D826D9A9F7009F2985 /* Preferences.swift in Sources */,
				179FD1E926DC2628009F2985 /* Listing.swift in Sources */,
				179FD1DA26D9AF85009F2985 /* ExchangeManager.swift in Sources */,
				179FD1EF26DC7F97009F2985 /* Exchange.swift in Sources */,
				179FD1CA26D98B19009F2985 /* PeerListener.swift in Sources */,
				179FD1B426D98A05009F2985 /* BitfinexDemoApp.swift in Sources */,
				179FD1CC26D98B19009F2985 /* ExchangeProtocol.swift in Sources */,
				179FD1ED26DC5D75009F2985 /* NegotiationView.swift in Sources */,
				179FD1E126DC14A5009F2985 /* String+Ext.swift in Sources */,
			);
			runOnlyForDeploymentPostprocessing = 0;
		};
/* End PBXSourcesBuildPhase section */

/* Begin XCBuildConfiguration section */
		179FD1BD26D98A07009F2985 /* Debug */ = {
			isa = XCBuildConfiguration;
			buildSettings = {
				ALWAYS_SEARCH_USER_PATHS = NO;
				CLANG_ANALYZER_NONNULL = YES;
				CLANG_ANALYZER_NUMBER_OBJECT_CONVERSION = YES_AGGRESSIVE;
				CLANG_CXX_LANGUAGE_STANDARD = "gnu++14";
				CLANG_CXX_LIBRARY = "libc++";
				CLANG_ENABLE_MODULES = YES;
				CLANG_ENABLE_OBJC_ARC = YES;
				CLANG_ENABLE_OBJC_WEAK = YES;
				CLANG_WARN_BLOCK_CAPTURE_AUTORELEASING = YES;
				CLANG_WARN_BOOL_CONVERSION = YES;
				CLANG_WARN_COMMA = YES;
				CLANG_WARN_CONSTANT_CONVERSION = YES;
				CLANG_WARN_DEPRECATED_OBJC_IMPLEMENTATIONS = YES;
				CLANG_WARN_DIRECT_OBJC_ISA_USAGE = YES_ERROR;
				CLANG_WARN_DOCUMENTATION_COMMENTS = YES;
				CLANG_WARN_EMPTY_BODY = YES;
				CLANG_WARN_ENUM_CONVERSION = YES;
				CLANG_WARN_INFINITE_RECURSION = YES;
				CLANG_WARN_INT_CONVERSION = YES;
				CLANG_WARN_NON_LITERAL_NULL_CONVERSION = YES;
				CLANG_WARN_OBJC_IMPLICIT_RETAIN_SELF = YES;
				CLANG_WARN_OBJC_LITERAL_CONVERSION = YES;
				CLANG_WARN_OBJC_ROOT_CLASS = YES_ERROR;
				CLANG_WARN_QUOTED_INCLUDE_IN_FRAMEWORK_HEADER = YES;
				CLANG_WARN_RANGE_LOOP_ANALYSIS = YES;
				CLANG_WARN_STRICT_PROTOTYPES = YES;
				CLANG_WARN_SUSPICIOUS_MOVE = YES;
				CLANG_WARN_UNGUARDED_AVAILABILITY = YES_AGGRESSIVE;
				CLANG_WARN_UNREACHABLE_CODE = YES;
				CLANG_WARN__DUPLICATE_METHOD_MATCH = YES;
				COPY_PHASE_STRIP = NO;
				DEBUG_INFORMATION_FORMAT = dwarf;
				ENABLE_STRICT_OBJC_MSGSEND = YES;
				ENABLE_TESTABILITY = YES;
				GCC_C_LANGUAGE_STANDARD = gnu11;
				GCC_DYNAMIC_NO_PIC = NO;
				GCC_NO_COMMON_BLOCKS = YES;
				GCC_OPTIMIZATION_LEVEL = 0;
				GCC_PREPROCESSOR_DEFINITIONS = (
					"DEBUG=1",
					"$(inherited)",
				);
				GCC_WARN_64_TO_32_BIT_CONVERSION = YES;
				GCC_WARN_ABOUT_RETURN_TYPE = YES_ERROR;
				GCC_WARN_UNDECLARED_SELECTOR = YES;
				GCC_WARN_UNINITIALIZED_AUTOS = YES_AGGRESSIVE;
				GCC_WARN_UNUSED_FUNCTION = YES;
				GCC_WARN_UNUSED_VARIABLE = YES;
				IPHONEOS_DEPLOYMENT_TARGET = 14.5;
				MTL_ENABLE_DEBUG_INFO = INCLUDE_SOURCE;
				MTL_FAST_MATH = YES;
				ONLY_ACTIVE_ARCH = YES;
				SDKROOT = iphoneos;
				SWIFT_ACTIVE_COMPILATION_CONDITIONS = DEBUG;
				SWIFT_OPTIMIZATION_LEVEL = "-Onone";
			};
			name = Debug;
		};
		179FD1BE26D98A07009F2985 /* Release */ = {
			isa = XCBuildConfiguration;
			buildSettings = {
				ALWAYS_SEARCH_USER_PATHS = NO;
				CLANG_ANALYZER_NONNULL = YES;
				CLANG_ANALYZER_NUMBER_OBJECT_CONVERSION = YES_AGGRESSIVE;
				CLANG_CXX_LANGUAGE_STANDARD = "gnu++14";
				CLANG_CXX_LIBRARY = "libc++";
				CLANG_ENABLE_MODULES = YES;
				CLANG_ENABLE_OBJC_ARC = YES;
				CLANG_ENABLE_OBJC_WEAK = YES;
				CLANG_WARN_BLOCK_CAPTURE_AUTORELEASING = YES;
				CLANG_WARN_BOOL_CONVERSION = YES;
				CLANG_WARN_COMMA = YES;
				CLANG_WARN_CONSTANT_CONVERSION = YES;
				CLANG_WARN_DEPRECATED_OBJC_IMPLEMENTATIONS = YES;
				CLANG_WARN_DIRECT_OBJC_ISA_USAGE = YES_ERROR;
				CLANG_WARN_DOCUMENTATION_COMMENTS = YES;
				CLANG_WARN_EMPTY_BODY = YES;
				CLANG_WARN_ENUM_CONVERSION = YES;
				CLANG_WARN_INFINITE_RECURSION = YES;
				CLANG_WARN_INT_CONVERSION = YES;
				CLANG_WARN_NON_LITERAL_NULL_CONVERSION = YES;
				CLANG_WARN_OBJC_IMPLICIT_RETAIN_SELF = YES;
				CLANG_WARN_OBJC_LITERAL_CONVERSION = YES;
				CLANG_WARN_OBJC_ROOT_CLASS = YES_ERROR;
				CLANG_WARN_QUOTED_INCLUDE_IN_FRAMEWORK_HEADER = YES;
				CLANG_WARN_RANGE_LOOP_ANALYSIS = YES;
				CLANG_WARN_STRICT_PROTOTYPES = YES;
				CLANG_WARN_SUSPICIOUS_MOVE = YES;
				CLANG_WARN_UNGUARDED_AVAILABILITY = YES_AGGRESSIVE;
				CLANG_WARN_UNREACHABLE_CODE = YES;
				CLANG_WARN__DUPLICATE_METHOD_MATCH = YES;
				COPY_PHASE_STRIP = NO;
				DEBUG_INFORMATION_FORMAT = "dwarf-with-dsym";
				ENABLE_NS_ASSERTIONS = NO;
				ENABLE_STRICT_OBJC_MSGSEND = YES;
				GCC_C_LANGUAGE_STANDARD = gnu11;
				GCC_NO_COMMON_BLOCKS = YES;
				GCC_WARN_64_TO_32_BIT_CONVERSION = YES;
				GCC_WARN_ABOUT_RETURN_TYPE = YES_ERROR;
				GCC_WARN_UNDECLARED_SELECTOR = YES;
				GCC_WARN_UNINITIALIZED_AUTOS = YES_AGGRESSIVE;
				GCC_WARN_UNUSED_FUNCTION = YES;
				GCC_WARN_UNUSED_VARIABLE = YES;
				IPHONEOS_DEPLOYMENT_TARGET = 14.5;
				MTL_ENABLE_DEBUG_INFO = NO;
				MTL_FAST_MATH = YES;
				SDKROOT = iphoneos;
				SWIFT_COMPILATION_MODE = wholemodule;
				SWIFT_OPTIMIZATION_LEVEL = "-O";
				VALIDATE_PRODUCT = YES;
			};
			name = Release;
		};
		179FD1C026D98A07009F2985 /* Debug */ = {
			isa = XCBuildConfiguration;
			buildSettings = {
				ASSETCATALOG_COMPILER_APPICON_NAME = AppIcon;
				ASSETCATALOG_COMPILER_GLOBAL_ACCENT_COLOR_NAME = AccentColor;
				CODE_SIGN_STYLE = Automatic;
				DEVELOPMENT_ASSET_PATHS = "\"Bitfinex Demo/Preview Content\"";
				DEVELOPMENT_TEAM = 9F2SA4NZTN;
				ENABLE_PREVIEWS = YES;
				INFOPLIST_FILE = "Bitfinex Demo/Info.plist";
				IPHONEOS_DEPLOYMENT_TARGET = 14.0;
				LD_RUNPATH_SEARCH_PATHS = (
					"$(inherited)",
					"@executable_path/Frameworks",
				);
				PRODUCT_BUNDLE_IDENTIFIER = "com.gikabu.Bitfinex-Demo";
				PRODUCT_NAME = "$(TARGET_NAME)";
				SWIFT_VERSION = 5.0;
				TARGETED_DEVICE_FAMILY = "1,2";
			};
			name = Debug;
		};
		179FD1C126D98A07009F2985 /* Release */ = {
			isa = XCBuildConfiguration;
			buildSettings = {
				ASSETCATALOG_COMPILER_APPICON_NAME = AppIcon;
				ASSETCATALOG_COMPILER_GLOBAL_ACCENT_COLOR_NAME = AccentColor;
				CODE_SIGN_STYLE = Automatic;
				DEVELOPMENT_ASSET_PATHS = "\"Bitfinex Demo/Preview Content\"";
				DEVELOPMENT_TEAM = 9F2SA4NZTN;
				ENABLE_PREVIEWS = YES;
				INFOPLIST_FILE = "Bitfinex Demo/Info.plist";
				IPHONEOS_DEPLOYMENT_TARGET = 14.0;
				LD_RUNPATH_SEARCH_PATHS = (
					"$(inherited)",
					"@executable_path/Frameworks",
				);
				PRODUCT_BUNDLE_IDENTIFIER = "com.gikabu.Bitfinex-Demo";
				PRODUCT_NAME = "$(TARGET_NAME)";
				SWIFT_VERSION = 5.0;
				TARGETED_DEVICE_FAMILY = "1,2";
			};
			name = Release;
		};
/* End XCBuildConfiguration section */

/* Begin XCConfigurationList section */
		179FD1AB26D98A05009F2985 /* Build configuration list for PBXProject "Bitfinex Demo" */ = {
			isa = XCConfigurationList;
			buildConfigurations = (
				179FD1BD26D98A07009F2985 /* Debug */,
				179FD1BE26D98A07009F2985 /* Release */,
			);
			defaultConfigurationIsVisible = 0;
			defaultConfigurationName = Release;
		};
		179FD1BF26D98A07009F2985 /* Build configuration list for PBXNativeTarget "Bitfinex Demo" */ = {
			isa = XCConfigurationList;
			buildConfigurations = (
				179FD1C026D98A07009F2985 /* Debug */,
				179FD1C126D98A07009F2985 /* Release */,
			);
			defaultConfigurationIsVisible = 0;
			defaultConfigurationName = Release;
		};
/* End XCConfigurationList section */

/* Begin XCRemoteSwiftPackageReference section */
		179FD1E426DC25C0009F2985 = {
			isa = XCRemoteSwiftPackageReference;
			repositoryURL = "https://github.com/SwiftyJSON/SwiftyJSON";
			requirement = {
				kind = upToNextMajorVersion;
				minimumVersion = 5.0.1;
			};
		};
/* End XCRemoteSwiftPackageReference section */

/* Begin XCSwiftPackageProductDependency section */
		179FD1E526DC25C0009F2985 = {
			isa = XCSwiftPackageProductDependency;
			package = 179FD1E426DC25C0009F2985;
			productName = SwiftyJSON;
		};
/* End XCSwiftPackageProductDependency section */
	};
	rootObject = 179FD1A826D98A05009F2985 /* Project object */;
}
